
Microsoft Visual Studio Solution File, Format Version 12.00
# Visual Studio Version 17
VisualStudioVersion = 17.0.32112.339
MinimumVisualStudioVersion = 10.0.40219.1
Project("{2150E333-8FDC-42A3-9474-1A3956D46DE8}") = "src", "src", "{1AF397E4-0499-4E88-82DB-4FBBED24301F}"
EndProject
Project("{2150E333-8FDC-42A3-9474-1A3956D46DE8}") = "Core", "Core", "{EC009B03-20CC-43A0-A98B-ADE6FC7F2DBF}"
EndProject
Project("{9A19103F-16F7-4668-BE54-9A1E7A4F7556}") = "Application", "Application\Application.csproj", "{0BCB0AC8-BFC5-4FBA-88BE-A15D3B01A1DE}"
EndProject
Project("{9A19103F-16F7-4668-BE54-9A1E7A4F7556}") = "Domain", "Domain\Domain.csproj", "{DDBD4B13-7142-4F27-92B9-D5C175C34C27}"
EndProject
Project("{2150E333-8FDC-42A3-9474-1A3956D46DE8}") = "Infrastructure", "Infrastructure", "{3B160E8F-6B62-426C-BDD8-6EB733226653}"
EndProject
Project("{2150E333-8FDC-42A3-9474-1A3956D46DE8}") = "Presentation", "Presentation", "{A4B92835-D798-4A01-A9B3-3AC5BCC986C6}"
EndProject
Project("{9A19103F-16F7-4668-BE54-9A1E7A4F7556}") = "Infrastructure", "Infrastructure\Infrastructure.csproj", "{C2D49CAB-0754-4EF0-B684-E222FC627F3D}"
EndProject
Project("{9A19103F-16F7-4668-BE54-9A1E7A4F7556}") = "Persistence", "Persistence\Persistence.csproj", "{92279CD0-289D-40B7-91D8-A3D5BE52B60F}"
EndProject
Project("{9A19103F-16F7-4668-BE54-9A1E7A4F7556}") = "WebAPI", "WebAPI\WebAPI.csproj", "{067D8D0D-5E3A-417A-B3F3-F8A9C915CD4B}"
EndProject
Project("{2150E333-8FDC-42A3-9474-1A3956D46DE8}") = "tests", "tests", "{1E734091-1C04-434B-AF6D-562C0056819F}"
EndProject
Project("{FAE04EC0-301F-11D3-BF4B-00C04F79EFBC}") = "UAHause.IntegrationTests", "UAHause.IntegrationTests\UAHause.IntegrationTests.csproj", "{7A3053CE-6DDD-441D-891A-A8AE8F6FACC9}"
EndProject
Global
	GlobalSection(SolutionConfigurationPlatforms) = preSolution
		Debug|Any CPU = Debug|Any CPU
		Release|Any CPU = Release|Any CPU
	EndGlobalSection
	GlobalSection(ProjectConfigurationPlatforms) = postSolution
		{0BCB0AC8-BFC5-4FBA-88BE-A15D3B01A1DE}.Debug|Any CPU.ActiveCfg = Debug|Any CPU
		{0BCB0AC8-BFC5-4FBA-88BE-A15D3B01A1DE}.Debug|Any CPU.Build.0 = Debug|Any CPU
		{0BCB0AC8-BFC5-4FBA-88BE-A15D3B01A1DE}.Release|Any CPU.ActiveCfg = Release|Any CPU
		{0BCB0AC8-BFC5-4FBA-88BE-A15D3B01A1DE}.Release|Any CPU.Build.0 = Release|Any CPU
		{DDBD4B13-7142-4F27-92B9-D5C175C34C27}.Debug|Any CPU.ActiveCfg = Debug|Any CPU
		{DDBD4B13-7142-4F27-92B9-D5C175C34C27}.Debug|Any CPU.Build.0 = Debug|Any CPU
		{DDBD4B13-7142-4F27-92B9-D5C175C34C27}.Release|Any CPU.ActiveCfg = Release|Any CPU
		{DDBD4B13-7142-4F27-92B9-D5C175C34C27}.Release|Any CPU.Build.0 = Release|Any CPU
		{C2D49CAB-0754-4EF0-B684-E222FC627F3D}.Debug|Any CPU.ActiveCfg = Debug|Any CPU
		{C2D49CAB-0754-4EF0-B684-E222FC627F3D}.Debug|Any CPU.Build.0 = Debug|Any CPU
		{C2D49CAB-0754-4EF0-B684-E222FC627F3D}.Release|Any CPU.ActiveCfg = Release|Any CPU
		{C2D49CAB-0754-4EF0-B684-E222FC627F3D}.Release|Any CPU.Build.0 = Release|Any CPU
		{92279CD0-289D-40B7-91D8-A3D5BE52B60F}.Debug|Any CPU.ActiveCfg = Debug|Any CPU
		{92279CD0-289D-40B7-91D8-A3D5BE52B60F}.Debug|Any CPU.Build.0 = Debug|Any CPU
		{92279CD0-289D-40B7-91D8-A3D5BE52B60F}.Release|Any CPU.ActiveCfg = Release|Any CPU
		{92279CD0-289D-40B7-91D8-A3D5BE52B60F}.Release|Any CPU.Build.0 = Release|Any CPU
		{067D8D0D-5E3A-417A-B3F3-F8A9C915CD4B}.Debug|Any CPU.ActiveCfg = Debug|Any CPU
		{067D8D0D-5E3A-417A-B3F3-F8A9C915CD4B}.Debug|Any CPU.Build.0 = Debug|Any CPU
		{067D8D0D-5E3A-417A-B3F3-F8A9C915CD4B}.Release|Any CPU.ActiveCfg = Release|Any CPU
		{067D8D0D-5E3A-417A-B3F3-F8A9C915CD4B}.Release|Any CPU.Build.0 = Release|Any CPU
		{7A3053CE-6DDD-441D-891A-A8AE8F6FACC9}.Debug|Any CPU.ActiveCfg = Debug|Any CPU
		{7A3053CE-6DDD-441D-891A-A8AE8F6FACC9}.Debug|Any CPU.Build.0 = Debug|Any CPU
		{7A3053CE-6DDD-441D-891A-A8AE8F6FACC9}.Release|Any CPU.ActiveCfg = Release|Any CPU
		{7A3053CE-6DDD-441D-891A-A8AE8F6FACC9}.Release|Any CPU.Build.0 = Release|Any CPU
	EndGlobalSection
	GlobalSection(SolutionProperties) = preSolution
		HideSolutionNode = FALSE
	EndGlobalSection
	GlobalSection(NestedProjects) = preSolution
		{EC009B03-20CC-43A0-A98B-ADE6FC7F2DBF} = {1AF397E4-0499-4E88-82DB-4FBBED24301F}
		{0BCB0AC8-BFC5-4FBA-88BE-A15D3B01A1DE} = {EC009B03-20CC-43A0-A98B-ADE6FC7F2DBF}
		{DDBD4B13-7142-4F27-92B9-D5C175C34C27} = {EC009B03-20CC-43A0-A98B-ADE6FC7F2DBF}
		{3B160E8F-6B62-426C-BDD8-6EB733226653} = {1AF397E4-0499-4E88-82DB-4FBBED24301F}
		{A4B92835-D798-4A01-A9B3-3AC5BCC986C6} = {1AF397E4-0499-4E88-82DB-4FBBED24301F}
		{C2D49CAB-0754-4EF0-B684-E222FC627F3D} = {3B160E8F-6B62-426C-BDD8-6EB733226653}
		{92279CD0-289D-40B7-91D8-A3D5BE52B60F} = {3B160E8F-6B62-426C-BDD8-6EB733226653}
		{067D8D0D-5E3A-417A-B3F3-F8A9C915CD4B} = {A4B92835-D798-4A01-A9B3-3AC5BCC986C6}
		{7A3053CE-6DDD-441D-891A-A8AE8F6FACC9} = {1E734091-1C04-434B-AF6D-562C0056819F}
	EndGlobalSection
	GlobalSection(ExtensibilityGlobals) = postSolution
		SolutionGuid = {60E75328-E026-4A99-AAC5-1A0689D1FE89}
	EndGlobalSection
EndGlobal
